
Microsoft Visual Studio Solution File, Format Version 12.00
# Visual Studio Version 17
VisualStudioVersion = 17.4.33403.182
MinimumVisualStudioVersion = 10.0.40219.1
Project("{FAE04EC0-301F-11D3-BF4B-00C04F79EFBC}") = "MiFirstCodeOOP", "MiFirstCodeOOP\MiFirstCodeOOP.csproj", "{A1975E37-DCFD-470D-87E7-5941783AF397}"
EndProject
Global
	GlobalSection(SolutionConfigurationPlatforms) = preSolution
		Debug|Any CPU = Debug|Any CPU
		Release|Any CPU = Release|Any CPU
	EndGlobalSection
	GlobalSection(ProjectConfigurationPlatforms) = postSolution
		{A1975E37-DCFD-470D-87E7-5941783AF397}.Debug|Any CPU.ActiveCfg = Debug|Any CPU
		{A1975E37-DCFD-470D-87E7-5941783AF397}.Debug|Any CPU.Build.0 = Debug|Any CPU
		{A1975E37-DCFD-470D-87E7-5941783AF397}.Release|Any CPU.ActiveCfg = Release|Any CPU
		{A1975E37-DCFD-470D-87E7-5941783AF397}.Release|Any CPU.Build.0 = Release|Any CPU
	EndGlobalSection
	GlobalSection(SolutionProperties) = preSolution
		HideSolutionNode = FALSE
	EndGlobalSection
	GlobalSection(ExtensibilityGlobals) = postSolution
		SolutionGuid = {3FA324FF-D08C-4D49-8617-34732A70CE58}
	EndGlobalSection
EndGlobal
